// !$*UTF8*$!
{
	archiveVersion = 1;
	classes = {
	};
	objectVersion = 56;
	objects = {

/* Begin PBXBuildFile section */
		49090A972C53349100BCE319 /* AsyncDeviceSearcher.swift in Sources */ = {isa = PBXBuildFile; fileRef = 49090A962C53349100BCE319 /* AsyncDeviceSearcher.swift */; };
		49090A9B2C53358D00BCE319 /* SearchForDeviceView.swift in Sources */ = {isa = PBXBuildFile; fileRef = 49090A9A2C53358D00BCE319 /* SearchForDeviceView.swift */; };
		49090A9D2C53576B00BCE319 /* Actions.swift in Sources */ = {isa = PBXBuildFile; fileRef = 49090A9C2C53576B00BCE319 /* Actions.swift */; };
		49090A9F2C53607F00BCE319 /* MappingsView.swift in Sources */ = {isa = PBXBuildFile; fileRef = 49090A9E2C53607F00BCE319 /* MappingsView.swift */; };
		493551D92C4FC7330082D48D /* FieldStepper.swift in Sources */ = {isa = PBXBuildFile; fileRef = 493551D82C4FC7330082D48D /* FieldStepper.swift */; };
		493551DB2C4FC7960082D48D /* MissingFeatureView.swift in Sources */ = {isa = PBXBuildFile; fileRef = 493551DA2C4FC7960082D48D /* MissingFeatureView.swift */; };
		493551DD2C4FC7CB0082D48D /* CreateButtonAssignmentView.swift in Sources */ = {isa = PBXBuildFile; fileRef = 493551DC2C4FC7CB0082D48D /* CreateButtonAssignmentView.swift */; };
		493551DF2C4FC88E0082D48D /* ButtonListView.swift in Sources */ = {isa = PBXBuildFile; fileRef = 493551DE2C4FC88E0082D48D /* ButtonListView.swift */; };
		495224AA2C4D1D4900DD90D7 /* ProvaApp.swift in Sources */ = {isa = PBXBuildFile; fileRef = 495224A92C4D1D4900DD90D7 /* ProvaApp.swift */; };
		495224AC2C4D1D4900DD90D7 /* ContentView.swift in Sources */ = {isa = PBXBuildFile; fileRef = 495224AB2C4D1D4900DD90D7 /* ContentView.swift */; };
		495224AE2C4D1D4A00DD90D7 /* Assets.xcassets in Resources */ = {isa = PBXBuildFile; fileRef = 495224AD2C4D1D4A00DD90D7 /* Assets.xcassets */; };
		495224B12C4D1D4A00DD90D7 /* Preview Assets.xcassets in Resources */ = {isa = PBXBuildFile; fileRef = 495224B02C4D1D4A00DD90D7 /* Preview Assets.xcassets */; };
		49C1D7EC2C5193030052F876 /* ButtonAssignment.swift in Sources */ = {isa = PBXBuildFile; fileRef = 49C1D7EB2C5193030052F876 /* ButtonAssignment.swift */; };
		49C1D7EE2C5197C20052F876 /* GlobalState.swift in Sources */ = {isa = PBXBuildFile; fileRef = 49C1D7ED2C5197C20052F876 /* GlobalState.swift */; };
		49C1D7F02C527FE70052F876 /* CellListView.swift in Sources */ = {isa = PBXBuildFile; fileRef = 49C1D7EF2C527FE70052F876 /* CellListView.swift */; };
		49F5F8662C4EA8C0009F6182 /* ButtonsView.swift in Sources */ = {isa = PBXBuildFile; fileRef = 49F5F8652C4EA8C0009F6182 /* ButtonsView.swift */; };
/* End PBXBuildFile section */

/* Begin PBXFileReference section */
		49090A962C53349100BCE319 /* AsyncDeviceSearcher.swift */ = {isa = PBXFileReference; lastKnownFileType = sourcecode.swift; path = AsyncDeviceSearcher.swift; sourceTree = "<group>"; };
		49090A9A2C53358D00BCE319 /* SearchForDeviceView.swift */ = {isa = PBXFileReference; lastKnownFileType = sourcecode.swift; path = SearchForDeviceView.swift; sourceTree = "<group>"; };
		49090A9C2C53576B00BCE319 /* Actions.swift */ = {isa = PBXFileReference; lastKnownFileType = sourcecode.swift; path = Actions.swift; sourceTree = "<group>"; };
		49090A9E2C53607F00BCE319 /* MappingsView.swift */ = {isa = PBXFileReference; lastKnownFileType = sourcecode.swift; path = MappingsView.swift; sourceTree = "<group>"; };
		493551D82C4FC7330082D48D /* FieldStepper.swift */ = {isa = PBXFileReference; lastKnownFileType = sourcecode.swift; path = FieldStepper.swift; sourceTree = "<group>"; };
		493551DA2C4FC7960082D48D /* MissingFeatureView.swift */ = {isa = PBXFileReference; lastKnownFileType = sourcecode.swift; path = MissingFeatureView.swift; sourceTree = "<group>"; };
		493551DC2C4FC7CB0082D48D /* CreateButtonAssignmentView.swift */ = {isa = PBXFileReference; lastKnownFileType = sourcecode.swift; path = CreateButtonAssignmentView.swift; sourceTree = "<group>"; };
		493551DE2C4FC88E0082D48D /* ButtonListView.swift */ = {isa = PBXFileReference; lastKnownFileType = sourcecode.swift; path = ButtonListView.swift; sourceTree = "<group>"; };
		495224A62C4D1D4900DD90D7 /* Prova.app */ = {isa = PBXFileReference; explicitFileType = wrapper.application; includeInIndex = 0; path = Prova.app; sourceTree = BUILT_PRODUCTS_DIR; };
		495224A92C4D1D4900DD90D7 /* ProvaApp.swift */ = {isa = PBXFileReference; lastKnownFileType = sourcecode.swift; path = ProvaApp.swift; sourceTree = "<group>"; };
		495224AB2C4D1D4900DD90D7 /* ContentView.swift */ = {isa = PBXFileReference; lastKnownFileType = sourcecode.swift; path = ContentView.swift; sourceTree = "<group>"; };
		495224AD2C4D1D4A00DD90D7 /* Assets.xcassets */ = {isa = PBXFileReference; lastKnownFileType = folder.assetcatalog; path = Assets.xcassets; sourceTree = "<group>"; };
		495224B02C4D1D4A00DD90D7 /* Preview Assets.xcassets */ = {isa = PBXFileReference; lastKnownFileType = folder.assetcatalog; path = "Preview Assets.xcassets"; sourceTree = "<group>"; };
		495224B22C4D1D4A00DD90D7 /* Prova.entitlements */ = {isa = PBXFileReference; lastKnownFileType = text.plist.entitlements; path = Prova.entitlements; sourceTree = "<group>"; };
		49C1D7EB2C5193030052F876 /* ButtonAssignment.swift */ = {isa = PBXFileReference; lastKnownFileType = sourcecode.swift; path = ButtonAssignment.swift; sourceTree = "<group>"; };
		49C1D7ED2C5197C20052F876 /* GlobalState.swift */ = {isa = PBXFileReference; lastKnownFileType = sourcecode.swift; path = GlobalState.swift; sourceTree = "<group>"; };
		49C1D7EF2C527FE70052F876 /* CellListView.swift */ = {isa = PBXFileReference; lastKnownFileType = sourcecode.swift; path = CellListView.swift; sourceTree = "<group>"; };
		49F5F8652C4EA8C0009F6182 /* ButtonsView.swift */ = {isa = PBXFileReference; indentWidth = 2; lastKnownFileType = sourcecode.swift; path = ButtonsView.swift; sourceTree = "<group>"; tabWidth = 2; };
/* End PBXFileReference section */

/* Begin PBXFrameworksBuildPhase section */
		495224A32C4D1D4900DD90D7 /* Frameworks */ = {
			isa = PBXFrameworksBuildPhase;
			buildActionMask = 2147483647;
			files = (
			);
			runOnlyForDeploymentPostprocessing = 0;
		};
/* End PBXFrameworksBuildPhase section */

/* Begin PBXGroup section */
		49090A982C53357300BCE319 /* SearchForDeviceView */ = {
			isa = PBXGroup;
			children = (
				49090A9A2C53358D00BCE319 /* SearchForDeviceView.swift */,
			);
			path = SearchForDeviceView;
			sourceTree = "<group>";
		};
		493551D52C4FC6E00082D48D /* Buttons */ = {
			isa = PBXGroup;
			children = (
				493551D72C4FC70B0082D48D /* Aux components */,
				49F5F8652C4EA8C0009F6182 /* ButtonsView.swift */,
				493551DE2C4FC88E0082D48D /* ButtonListView.swift */,
				493551DC2C4FC7CB0082D48D /* CreateButtonAssignmentView.swift */,
			);
			path = Buttons;
			sourceTree = "<group>";
		};
		493551D62C4FC6EB0082D48D /* Mappings */ = {
			isa = PBXGroup;
			children = (
				49090A9E2C53607F00BCE319 /* MappingsView.swift */,
			);
			path = Mappings;
			sourceTree = "<group>";
		};
		493551D72C4FC70B0082D48D /* Aux components */ = {
			isa = PBXGroup;
			children = (
				493551D82C4FC7330082D48D /* FieldStepper.swift */,
				493551DA2C4FC7960082D48D /* MissingFeatureView.swift */,
				49C1D7EF2C527FE70052F876 /* CellListView.swift */,
			);
			path = "Aux components";
			sourceTree = "<group>";
		};
		4952249D2C4D1D4900DD90D7 = {
			isa = PBXGroup;
			children = (
				495224A82C4D1D4900DD90D7 /* Prova */,
				495224A72C4D1D4900DD90D7 /* Products */,
			);
			sourceTree = "<group>";
		};
		495224A72C4D1D4900DD90D7 /* Products */ = {
			isa = PBXGroup;
			children = (
				495224A62C4D1D4900DD90D7 /* Prova.app */,
			);
			name = Products;
			sourceTree = "<group>";
		};
		495224A82C4D1D4900DD90D7 /* Prova */ = {
			isa = PBXGroup;
			children = (
				49090A982C53357300BCE319 /* SearchForDeviceView */,
				49C1D7E82C5192450052F876 /* Model */,
				493551D62C4FC6EB0082D48D /* Mappings */,
				493551D52C4FC6E00082D48D /* Buttons */,
				495224A92C4D1D4900DD90D7 /* ProvaApp.swift */,
				495224AB2C4D1D4900DD90D7 /* ContentView.swift */,
				495224AD2C4D1D4A00DD90D7 /* Assets.xcassets */,
				495224B22C4D1D4A00DD90D7 /* Prova.entitlements */,
				495224AF2C4D1D4A00DD90D7 /* Preview Content */,
			);
			path = Prova;
			sourceTree = "<group>";
		};
		495224AF2C4D1D4A00DD90D7 /* Preview Content */ = {
			isa = PBXGroup;
			children = (
				495224B02C4D1D4A00DD90D7 /* Preview Assets.xcassets */,
			);
			path = "Preview Content";
			sourceTree = "<group>";
		};
		49C1D7E82C5192450052F876 /* Model */ = {
			isa = PBXGroup;
			children = (
				49C1D7ED2C5197C20052F876 /* GlobalState.swift */,
				49C1D7EB2C5193030052F876 /* ButtonAssignment.swift */,
				49090A962C53349100BCE319 /* AsyncDeviceSearcher.swift */,
				49090A9C2C53576B00BCE319 /* Actions.swift */,
			);
			path = Model;
			sourceTree = "<group>";
		};
/* End PBXGroup section */

/* Begin PBXNativeTarget section */
		495224A52C4D1D4900DD90D7 /* Prova */ = {
			isa = PBXNativeTarget;
			buildConfigurationList = 495224B52C4D1D4A00DD90D7 /* Build configuration list for PBXNativeTarget "Prova" */;
			buildPhases = (
				495224A22C4D1D4900DD90D7 /* Sources */,
				495224A32C4D1D4900DD90D7 /* Frameworks */,
				495224A42C4D1D4900DD90D7 /* Resources */,
			);
			buildRules = (
			);
			dependencies = (
			);
			name = Prova;
			productName = Prova;
			productReference = 495224A62C4D1D4900DD90D7 /* Prova.app */;
			productType = "com.apple.product-type.application";
		};
/* End PBXNativeTarget section */

/* Begin PBXProject section */
		4952249E2C4D1D4900DD90D7 /* Project object */ = {
			isa = PBXProject;
			attributes = {
				BuildIndependentTargetsInParallel = 1;
				LastSwiftUpdateCheck = 1520;
				LastUpgradeCheck = 1520;
				TargetAttributes = {
					495224A52C4D1D4900DD90D7 = {
						CreatedOnToolsVersion = 15.2;
					};
				};
			};
			buildConfigurationList = 495224A12C4D1D4900DD90D7 /* Build configuration list for PBXProject "Prova" */;
			compatibilityVersion = "Xcode 14.0";
			developmentRegion = en;
			hasScannedForEncodings = 0;
			knownRegions = (
				en,
				Base,
			);
			mainGroup = 4952249D2C4D1D4900DD90D7;
			productRefGroup = 495224A72C4D1D4900DD90D7 /* Products */;
			projectDirPath = "";
			projectRoot = "";
			targets = (
				495224A52C4D1D4900DD90D7 /* Prova */,
			);
		};
/* End PBXProject section */

/* Begin PBXResourcesBuildPhase section */
		495224A42C4D1D4900DD90D7 /* Resources */ = {
			isa = PBXResourcesBuildPhase;
			buildActionMask = 2147483647;
			files = (
				495224B12C4D1D4A00DD90D7 /* Preview Assets.xcassets in Resources */,
				495224AE2C4D1D4A00DD90D7 /* Assets.xcassets in Resources */,
			);
			runOnlyForDeploymentPostprocessing = 0;
		};
/* End PBXResourcesBuildPhase section */

/* Begin PBXSourcesBuildPhase section */
		495224A22C4D1D4900DD90D7 /* Sources */ = {
			isa = PBXSourcesBuildPhase;
			buildActionMask = 2147483647;
			files = (
				493551D92C4FC7330082D48D /* FieldStepper.swift in Sources */,
				49090A9D2C53576B00BCE319 /* Actions.swift in Sources */,
				49F5F8662C4EA8C0009F6182 /* ButtonsView.swift in Sources */,
				49090A9F2C53607F00BCE319 /* MappingsView.swift in Sources */,
				49090A972C53349100BCE319 /* AsyncDeviceSearcher.swift in Sources */,
				493551DF2C4FC88E0082D48D /* ButtonListView.swift in Sources */,
				495224AC2C4D1D4900DD90D7 /* ContentView.swift in Sources */,
				49C1D7F02C527FE70052F876 /* CellListView.swift in Sources */,
				493551DD2C4FC7CB0082D48D /* CreateButtonAssignmentView.swift in Sources */,
				49C1D7EE2C5197C20052F876 /* GlobalState.swift in Sources */,
				49C1D7EC2C5193030052F876 /* ButtonAssignment.swift in Sources */,
				49090A9B2C53358D00BCE319 /* SearchForDeviceView.swift in Sources */,
				495224AA2C4D1D4900DD90D7 /* ProvaApp.swift in Sources */,
				493551DB2C4FC7960082D48D /* MissingFeatureView.swift in Sources */,
			);
			runOnlyForDeploymentPostprocessing = 0;
		};
/* End PBXSourcesBuildPhase section */

/* Begin XCBuildConfiguration section */
		495224B32C4D1D4A00DD90D7 /* Debug */ = {
			isa = XCBuildConfiguration;
			buildSettings = {
				ALWAYS_SEARCH_USER_PATHS = NO;
				ASSETCATALOG_COMPILER_GENERATE_SWIFT_ASSET_SYMBOL_EXTENSIONS = YES;
				CLANG_ANALYZER_NONNULL = YES;
				CLANG_ANALYZER_NUMBER_OBJECT_CONVERSION = YES_AGGRESSIVE;
				CLANG_CXX_LANGUAGE_STANDARD = "gnu++20";
				CLANG_ENABLE_MODULES = YES;
				CLANG_ENABLE_OBJC_ARC = YES;
				CLANG_ENABLE_OBJC_WEAK = YES;
				CLANG_WARN_BLOCK_CAPTURE_AUTORELEASING = YES;
				CLANG_WARN_BOOL_CONVERSION = YES;
				CLANG_WARN_COMMA = YES;
				CLANG_WARN_CONSTANT_CONVERSION = YES;
				CLANG_WARN_DEPRECATED_OBJC_IMPLEMENTATIONS = YES;
				CLANG_WARN_DIRECT_OBJC_ISA_USAGE = YES_ERROR;
				CLANG_WARN_DOCUMENTATION_COMMENTS = YES;
				CLANG_WARN_EMPTY_BODY = YES;
				CLANG_WARN_ENUM_CONVERSION = YES;
				CLANG_WARN_INFINITE_RECURSION = YES;
				CLANG_WARN_INT_CONVERSION = YES;
				CLANG_WARN_NON_LITERAL_NULL_CONVERSION = YES;
				CLANG_WARN_OBJC_IMPLICIT_RETAIN_SELF = YES;
				CLANG_WARN_OBJC_LITERAL_CONVERSION = YES;
				CLANG_WARN_OBJC_ROOT_CLASS = YES_ERROR;
				CLANG_WARN_QUOTED_INCLUDE_IN_FRAMEWORK_HEADER = YES;
				CLANG_WARN_RANGE_LOOP_ANALYSIS = YES;
				CLANG_WARN_STRICT_PROTOTYPES = YES;
				CLANG_WARN_SUSPICIOUS_MOVE = YES;
				CLANG_WARN_UNGUARDED_AVAILABILITY = YES_AGGRESSIVE;
				CLANG_WARN_UNREACHABLE_CODE = YES;
				CLANG_WARN__DUPLICATE_METHOD_MATCH = YES;
				COPY_PHASE_STRIP = NO;
				DEBUG_INFORMATION_FORMAT = dwarf;
				ENABLE_STRICT_OBJC_MSGSEND = YES;
				ENABLE_TESTABILITY = YES;
				ENABLE_USER_SCRIPT_SANDBOXING = YES;
				GCC_C_LANGUAGE_STANDARD = gnu17;
				GCC_DYNAMIC_NO_PIC = NO;
				GCC_NO_COMMON_BLOCKS = YES;
				GCC_OPTIMIZATION_LEVEL = 0;
				GCC_PREPROCESSOR_DEFINITIONS = (
					"DEBUG=1",
					"$(inherited)",
				);
				GCC_WARN_64_TO_32_BIT_CONVERSION = YES;
				GCC_WARN_ABOUT_RETURN_TYPE = YES_ERROR;
				GCC_WARN_UNDECLARED_SELECTOR = YES;
				GCC_WARN_UNINITIALIZED_AUTOS = YES_AGGRESSIVE;
				GCC_WARN_UNUSED_FUNCTION = YES;
				GCC_WARN_UNUSED_VARIABLE = YES;
				LOCALIZATION_PREFERS_STRING_CATALOGS = YES;
				MACOSX_DEPLOYMENT_TARGET = 14.0;
				MTL_ENABLE_DEBUG_INFO = INCLUDE_SOURCE;
				MTL_FAST_MATH = YES;
				ONLY_ACTIVE_ARCH = YES;
				SDKROOT = macosx;
				SWIFT_ACTIVE_COMPILATION_CONDITIONS = "DEBUG $(inherited)";
				SWIFT_OPTIMIZATION_LEVEL = "-Onone";
			};
			name = Debug;
		};
		495224B42C4D1D4A00DD90D7 /* Release */ = {
			isa = XCBuildConfiguration;
			buildSettings = {
				ALWAYS_SEARCH_USER_PATHS = NO;
				ASSETCATALOG_COMPILER_GENERATE_SWIFT_ASSET_SYMBOL_EXTENSIONS = YES;
				CLANG_ANALYZER_NONNULL = YES;
				CLANG_ANALYZER_NUMBER_OBJECT_CONVERSION = YES_AGGRESSIVE;
				CLANG_CXX_LANGUAGE_STANDARD = "gnu++20";
				CLANG_ENABLE_MODULES = YES;
				CLANG_ENABLE_OBJC_ARC = YES;
				CLANG_ENABLE_OBJC_WEAK = YES;
				CLANG_WARN_BLOCK_CAPTURE_AUTORELEASING = YES;
				CLANG_WARN_BOOL_CONVERSION = YES;
				CLANG_WARN_COMMA = YES;
				CLANG_WARN_CONSTANT_CONVERSION = YES;
				CLANG_WARN_DEPRECATED_OBJC_IMPLEMENTATIONS = YES;
				CLANG_WARN_DIRECT_OBJC_ISA_USAGE = YES_ERROR;
				CLANG_WARN_DOCUMENTATION_COMMENTS = YES;
				CLANG_WARN_EMPTY_BODY = YES;
				CLANG_WARN_ENUM_CONVERSION = YES;
				CLANG_WARN_INFINITE_RECURSION = YES;
				CLANG_WARN_INT_CONVERSION = YES;
				CLANG_WARN_NON_LITERAL_NULL_CONVERSION = YES;
				CLANG_WARN_OBJC_IMPLICIT_RETAIN_SELF = YES;
				CLANG_WARN_OBJC_LITERAL_CONVERSION = YES;
				CLANG_WARN_OBJC_ROOT_CLASS = YES_ERROR;
				CLANG_WARN_QUOTED_INCLUDE_IN_FRAMEWORK_HEADER = YES;
				CLANG_WARN_RANGE_LOOP_ANALYSIS = YES;
				CLANG_WARN_STRICT_PROTOTYPES = YES;
				CLANG_WARN_SUSPICIOUS_MOVE = YES;
				CLANG_WARN_UNGUARDED_AVAILABILITY = YES_AGGRESSIVE;
				CLANG_WARN_UNREACHABLE_CODE = YES;
				CLANG_WARN__DUPLICATE_METHOD_MATCH = YES;
				COPY_PHASE_STRIP = NO;
				DEBUG_INFORMATION_FORMAT = "dwarf-with-dsym";
				ENABLE_NS_ASSERTIONS = NO;
				ENABLE_STRICT_OBJC_MSGSEND = YES;
				ENABLE_USER_SCRIPT_SANDBOXING = YES;
				GCC_C_LANGUAGE_STANDARD = gnu17;
				GCC_NO_COMMON_BLOCKS = YES;
				GCC_WARN_64_TO_32_BIT_CONVERSION = YES;
				GCC_WARN_ABOUT_RETURN_TYPE = YES_ERROR;
				GCC_WARN_UNDECLARED_SELECTOR = YES;
				GCC_WARN_UNINITIALIZED_AUTOS = YES_AGGRESSIVE;
				GCC_WARN_UNUSED_FUNCTION = YES;
				GCC_WARN_UNUSED_VARIABLE = YES;
				LOCALIZATION_PREFERS_STRING_CATALOGS = YES;
				MACOSX_DEPLOYMENT_TARGET = 14.0;
				MTL_ENABLE_DEBUG_INFO = NO;
				MTL_FAST_MATH = YES;
				SDKROOT = macosx;
				SWIFT_COMPILATION_MODE = wholemodule;
			};
			name = Release;
		};
		495224B62C4D1D4A00DD90D7 /* Debug */ = {
			isa = XCBuildConfiguration;
			buildSettings = {
				ASSETCATALOG_COMPILER_APPICON_NAME = AppIcon;
				ASSETCATALOG_COMPILER_GLOBAL_ACCENT_COLOR_NAME = AccentColor;
				CODE_SIGN_ENTITLEMENTS = Prova/Prova.entitlements;
				CODE_SIGN_STYLE = Automatic;
				COMBINE_HIDPI_IMAGES = YES;
				CURRENT_PROJECT_VERSION = 1;
				DEVELOPMENT_ASSET_PATHS = "\"Prova/Preview Content\"";
				DEVELOPMENT_TEAM = 2RGJZ7QY5B;
				ENABLE_HARDENED_RUNTIME = YES;
				ENABLE_PREVIEWS = YES;
				GENERATE_INFOPLIST_FILE = YES;
				INFOPLIST_KEY_NSHumanReadableCopyright = "";
				LD_RUNPATH_SEARCH_PATHS = (
					"$(inherited)",
					"@executable_path/../Frameworks",
				);
				MARKETING_VERSION = 1.0;
				PRODUCT_BUNDLE_IDENTIFIER = com.marini.Prova;
				PRODUCT_NAME = "$(TARGET_NAME)";
				SWIFT_EMIT_LOC_STRINGS = YES;
				SWIFT_VERSION = 5.0;
			};
			name = Debug;
		};
		495224B72C4D1D4A00DD90D7 /* Release */ = {
			isa = XCBuildConfiguration;
			buildSettings = {
				ASSETCATALOG_COMPILER_APPICON_NAME = AppIcon;
				ASSETCATALOG_COMPILER_GLOBAL_ACCENT_COLOR_NAME = AccentColor;
				CODE_SIGN_ENTITLEMENTS = Prova/Prova.entitlements;
				CODE_SIGN_STYLE = Automatic;
				COMBINE_HIDPI_IMAGES = YES;
				CURRENT_PROJECT_VERSION = 1;
				DEVELOPMENT_ASSET_PATHS = "\"Prova/Preview Content\"";
				DEVELOPMENT_TEAM = 2RGJZ7QY5B;
				ENABLE_HARDENED_RUNTIME = YES;
				ENABLE_PREVIEWS = YES;
				GENERATE_INFOPLIST_FILE = YES;
				INFOPLIST_KEY_NSHumanReadableCopyright = "";
				LD_RUNPATH_SEARCH_PATHS = (
					"$(inherited)",
					"@executable_path/../Frameworks",
				);
				MARKETING_VERSION = 1.0;
				PRODUCT_BUNDLE_IDENTIFIER = com.marini.Prova;
				PRODUCT_NAME = "$(TARGET_NAME)";
				SWIFT_EMIT_LOC_STRINGS = YES;
				SWIFT_VERSION = 5.0;
			};
			name = Release;
		};
/* End XCBuildConfiguration section */

/* Begin XCConfigurationList section */
		495224A12C4D1D4900DD90D7 /* Build configuration list for PBXProject "Prova" */ = {
			isa = XCConfigurationList;
			buildConfigurations = (
				495224B32C4D1D4A00DD90D7 /* Debug */,
				495224B42C4D1D4A00DD90D7 /* Release */,
			);
			defaultConfigurationIsVisible = 0;
			defaultConfigurationName = Release;
		};
		495224B52C4D1D4A00DD90D7 /* Build configuration list for PBXNativeTarget "Prova" */ = {
			isa = XCConfigurationList;
			buildConfigurations = (
				495224B62C4D1D4A00DD90D7 /* Debug */,
				495224B72C4D1D4A00DD90D7 /* Release */,
			);
			defaultConfigurationIsVisible = 0;
			defaultConfigurationName = Release;
		};
/* End XCConfigurationList section */
	};
	rootObject = 4952249E2C4D1D4900DD90D7 /* Project object */;
}
